{
  "nodes": {
    "chaotic": {
      "inputs": {
        "flake-schemas": "flake-schemas",
        "home-manager": "home-manager",
        "jovian": "jovian",
        "nixpkgs": "nixpkgs"
      },
      "locked": {
        "lastModified": 1736112920,
        "narHash": "sha256-MME0HoMWJtk67vW4lop1eTK4//EXJB/hefo6+JbdHZs=",
        "owner": "chaotic-cx",
        "repo": "nyx",
        "rev": "aa7b9944e164d9284939b78d05b8cf8df319a5d5",
        "type": "github"
      },
      "original": {
        "owner": "chaotic-cx",
        "ref": "nyxpkgs-unstable",
        "repo": "nyx",
        "type": "github"
      }
    },
    "flake-schemas": {
      "locked": {
        "lastModified": 1721999734,
        "narHash": "sha256-G5CxYeJVm4lcEtaO87LKzOsVnWeTcHGKbKxNamNWgOw=",
        "rev": "0a5c42297d870156d9c57d8f99e476b738dcd982",
        "revCount": 75,
        "type": "tarball",
        "url": "https://api.flakehub.com/f/pinned/DeterminateSystems/flake-schemas/0.1.5/0190ef2f-61e0-794b-ba14-e82f225e55e6/source.tar.gz"
      },
      "original": {
        "type": "tarball",
        "url": "https://flakehub.com/f/DeterminateSystems/flake-schemas/%3D0.1.5.tar.gz"
      }
    },
    "flake-schemas_2": {
      "locked": {
        "lastModified": 1721999734,
        "narHash": "sha256-G5CxYeJVm4lcEtaO87LKzOsVnWeTcHGKbKxNamNWgOw=",
        "rev": "0a5c42297d870156d9c57d8f99e476b738dcd982",
        "revCount": 75,
        "type": "tarball",
        "url": "https://api.flakehub.com/f/pinned/DeterminateSystems/flake-schemas/0.1.5/0190ef2f-61e0-794b-ba14-e82f225e55e6/source.tar.gz"
      },
      "original": {
        "type": "tarball",
        "url": "https://flakehub.com/f/DeterminateSystems/flake-schemas/%2A.tar.gz"
      }
    },
    "home-manager": {
      "inputs": {
        "nixpkgs": [
          "chaotic",
          "nixpkgs"
        ]
      },
      "locked": {
        "lastModified": 1736066484,
        "narHash": "sha256-uTstP36WaFrw+TEHb8nLF14hFPzQBOhmIxzioHCDaL8=",
        "owner": "nix-community",
        "repo": "home-manager",
        "rev": "5ad12b6ea06b84e48f6b677957c74f32d47bdee0",
        "type": "github"
      },
      "original": {
        "owner": "nix-community",
        "repo": "home-manager",
        "type": "github"
      }
    },
    "home-manager_2": {
      "inputs": {
        "nixpkgs": [
          "nixpkgs"
        ]
      },
      "locked": {
        "lastModified": 1735774425,
        "narHash": "sha256-C73gLFnEh8ZI0uDijUgCDWCd21T6I6tsaWgIBHcfAXg=",
        "owner": "nix-community",
        "repo": "home-manager",
        "rev": "5f6aa268e419d053c3d5025da740e390b12ac936",
        "type": "github"
      },
      "original": {
        "owner": "nix-community",
        "repo": "home-manager",
        "type": "github"
      }
    },
    "jovian": {
      "inputs": {
        "nix-github-actions": "nix-github-actions",
        "nixpkgs": [
          "chaotic",
          "nixpkgs"
        ]
      },
      "locked": {
        "lastModified": 1735931035,
        "narHash": "sha256-f3WRxasPYVKzrvAlLq+/3FRHQVfxVf5xxf0WWwnO99k=",
        "owner": "Jovian-Experiments",
        "repo": "Jovian-NixOS",
        "rev": "7e530766a5fd9b7577296fedd655f3255f7495d8",
        "type": "github"
      },
      "original": {
        "owner": "Jovian-Experiments",
        "repo": "Jovian-NixOS",
        "type": "github"
      }
    },
    "nix-github-actions": {
      "inputs": {
        "nixpkgs": [
          "chaotic",
          "jovian",
          "nixpkgs"
        ]
      },
      "locked": {
        "lastModified": 1729697500,
        "narHash": "sha256-VFTWrbzDlZyFHHb1AlKRiD/qqCJIripXKiCSFS8fAOY=",
        "owner": "zhaofengli",
        "repo": "nix-github-actions",
        "rev": "e418aeb728b6aa5ca8c5c71974e7159c2df1d8cf",
        "type": "github"
      },
      "original": {
        "owner": "zhaofengli",
        "ref": "matrix-name",
        "repo": "nix-github-actions",
        "type": "github"
      }
    },
    "nixpkgs": {
      "locked": {
        "lastModified": 1735834308,
        "narHash": "sha256-dklw3AXr3OGO4/XT1Tu3Xz9n/we8GctZZ75ZWVqAVhk=",
        "owner": "NixOS",
        "repo": "nixpkgs",
        "rev": "6df24922a1400241dae323af55f30e4318a6ca65",
        "type": "github"
      },
      "original": {
        "owner": "NixOS",
        "ref": "nixos-unstable",
        "repo": "nixpkgs",
        "type": "github"
      }
    },
    "nixpkgs-stable": {
      "locked": {
        "lastModified": 1735669367,
        "narHash": "sha256-tfYRbFhMOnYaM4ippqqid3BaLOXoFNdImrfBfCp4zn0=",
        "owner": "NixOS",
        "repo": "nixpkgs",
        "rev": "edf04b75c13c2ac0e54df5ec5c543e300f76f1c9",
        "type": "github"
      },
      "original": {
        "owner": "NixOS",
        "ref": "nixos-24.11",
        "repo": "nixpkgs",
        "type": "github"
      }
    },
    "nixpkgs_2": {
      "locked": {
        "lastModified": 1735471104,
        "narHash": "sha256-0q9NGQySwDQc7RhAV2ukfnu7Gxa5/ybJ2ANT8DQrQrs=",
        "owner": "NixOS",
        "repo": "nixpkgs",
        "rev": "88195a94f390381c6afcdaa933c2f6ff93959cb4",
        "type": "github"
      },
      "original": {
        "owner": "NixOS",
        "ref": "nixos-unstable",
        "repo": "nixpkgs",
        "type": "github"
      }
    },
    "nixpkgs_3": {
      "locked": {
        "lastModified": 1735264675,
        "narHash": "sha256-MgdXpeX2GuJbtlBrH9EdsUeWl/yXEubyvxM1G+yO4Ak=",
        "rev": "d49da4c08359e3c39c4e27c74ac7ac9b70085966",
        "revCount": 712007,
        "type": "tarball",
        "url": "https://api.flakehub.com/f/pinned/NixOS/nixpkgs/0.2411.712007%2Brev-d49da4c08359e3c39c4e27c74ac7ac9b70085966/01940ca0-b117-7d0e-b1ef-d579ee6d2f13/source.tar.gz"
      },
      "original": {
        "type": "tarball",
        "url": "https://flakehub.com/f/NixOS/nixpkgs/%2A.tar.gz"
      }
    },
    "quickemu": {
      "inputs": {
        "flake-schemas": "flake-schemas_2",
        "nixpkgs": "nixpkgs_3"
      },
      "locked": {
        "lastModified": 1735561406,
        "narHash": "sha256-vDYqaMz7cEzFmmwZTptwpznHezWzjnR80yWcSgQ+Znc=",
        "rev": "2a9d45530799837fd40495b0e720cf1ea01e4de7",
        "revCount": 2099,
        "type": "tarball",
        "url": "https://api.flakehub.com/f/pinned/quickemu-project/quickemu/4.9.7/0194178b-26e5-7aa4-9330-b18d2f595e4c/source.tar.gz"
      },
      "original": {
        "type": "tarball",
        "url": "https://flakehub.com/f/quickemu-project/quickemu/4.9.7.tar.gz"
      }
    },
    "root": {
      "inputs": {
        "chaotic": "chaotic",
        "home-manager": "home-manager_2",
        "nixpkgs": "nixpkgs_2",
        "nixpkgs-stable": "nixpkgs-stable",
        "quickemu": "quickemu"
      }
    }
  },
  "root": "root",
  "version": 7
}
